// !$*UTF8*$!
{
	archiveVersion = 1;
	classes = {
	};
	objectVersion = 51;
	objects = {

/* Begin PBXBuildFile section */
		772F8740F995D7ED0D6CD76C /* Pods_Lend_A_Book.framework in Frameworks */ = {isa = PBXBuildFile; fileRef = B6DD4D610F505F0C9E4D9043 /* Pods_Lend_A_Book.framework */; };
		FE41FFD024C5ECE600DDFD2C /* Lend_A_BookApp.swift in Sources */ = {isa = PBXBuildFile; fileRef = FE41FFCF24C5ECE600DDFD2C /* Lend_A_BookApp.swift */; };
		FE41FFD224C5ECE600DDFD2C /* ContentView.swift in Sources */ = {isa = PBXBuildFile; fileRef = FE41FFD124C5ECE600DDFD2C /* ContentView.swift */; };
		FE41FFD424C5ECE700DDFD2C /* Assets.xcassets in Resources */ = {isa = PBXBuildFile; fileRef = FE41FFD324C5ECE700DDFD2C /* Assets.xcassets */; };
		FE41FFD724C5ECE700DDFD2C /* Preview Assets.xcassets in Resources */ = {isa = PBXBuildFile; fileRef = FE41FFD624C5ECE700DDFD2C /* Preview Assets.xcassets */; };
		FEE881C424C9479400E1D6EE /* GoogleService-Info.plist in Resources */ = {isa = PBXBuildFile; fileRef = FEE881C324C9479400E1D6EE /* GoogleService-Info.plist */; };
		FEE881C724C949F600E1D6EE /* BannerView.swift in Sources */ = {isa = PBXBuildFile; fileRef = FEE881C624C949F600E1D6EE /* BannerView.swift */; };
		FEE881CA24C94C4300E1D6EE /* ButtonType.swift in Sources */ = {isa = PBXBuildFile; fileRef = FEE881C924C94C4300E1D6EE /* ButtonType.swift */; };
		FEE881CC24C94CD100E1D6EE /* FloatingButton.swift in Sources */ = {isa = PBXBuildFile; fileRef = FEE881CB24C94CD100E1D6EE /* FloatingButton.swift */; };
		FEE881CE24C94D4800E1D6EE /* FloatingNavButton.swift in Sources */ = {isa = PBXBuildFile; fileRef = FEE881CD24C94D4800E1D6EE /* FloatingNavButton.swift */; };
		FEE881D024C9DCA500E1D6EE /* NavigationBarBackgroundColor.swift in Sources */ = {isa = PBXBuildFile; fileRef = FEE881CF24C9DCA500E1D6EE /* NavigationBarBackgroundColor.swift */; };
		FEE881D324C9DDA600E1D6EE /* NavigationBarTextModifier.swift in Sources */ = {isa = PBXBuildFile; fileRef = FEE881D224C9DDA600E1D6EE /* NavigationBarTextModifier.swift */; };
		FEE881D524CA26DE00E1D6EE /* Placemarker.swift in Sources */ = {isa = PBXBuildFile; fileRef = FEE881D424CA26DE00E1D6EE /* Placemarker.swift */; };
		FEE881D824CBD66400E1D6EE /* AppEnvironment.swift in Sources */ = {isa = PBXBuildFile; fileRef = FEE881D724CBD66400E1D6EE /* AppEnvironment.swift */; };
/* End PBXBuildFile section */

/* Begin PBXFileReference section */
		A9451D5D5EFBB37A8086BC7C /* Pods-Lend-A-Book.debug.xcconfig */ = {isa = PBXFileReference; includeInIndex = 1; lastKnownFileType = text.xcconfig; name = "Pods-Lend-A-Book.debug.xcconfig"; path = "Target Support Files/Pods-Lend-A-Book/Pods-Lend-A-Book.debug.xcconfig"; sourceTree = "<group>"; };
		B6DD4D610F505F0C9E4D9043 /* Pods_Lend_A_Book.framework */ = {isa = PBXFileReference; explicitFileType = wrapper.framework; includeInIndex = 0; path = Pods_Lend_A_Book.framework; sourceTree = BUILT_PRODUCTS_DIR; };
		EB586E805CC64210A8025803 /* Pods-Lend-A-Book.release.xcconfig */ = {isa = PBXFileReference; includeInIndex = 1; lastKnownFileType = text.xcconfig; name = "Pods-Lend-A-Book.release.xcconfig"; path = "Target Support Files/Pods-Lend-A-Book/Pods-Lend-A-Book.release.xcconfig"; sourceTree = "<group>"; };
		FE41FFCC24C5ECE600DDFD2C /* Lend-A-Book.app */ = {isa = PBXFileReference; explicitFileType = wrapper.application; includeInIndex = 0; path = "Lend-A-Book.app"; sourceTree = BUILT_PRODUCTS_DIR; };
		FE41FFCF24C5ECE600DDFD2C /* Lend_A_BookApp.swift */ = {isa = PBXFileReference; lastKnownFileType = sourcecode.swift; path = Lend_A_BookApp.swift; sourceTree = "<group>"; };
		FE41FFD124C5ECE600DDFD2C /* ContentView.swift */ = {isa = PBXFileReference; lastKnownFileType = sourcecode.swift; path = ContentView.swift; sourceTree = "<group>"; };
		FE41FFD324C5ECE700DDFD2C /* Assets.xcassets */ = {isa = PBXFileReference; lastKnownFileType = folder.assetcatalog; path = Assets.xcassets; sourceTree = "<group>"; };
		FE41FFD624C5ECE700DDFD2C /* Preview Assets.xcassets */ = {isa = PBXFileReference; lastKnownFileType = folder.assetcatalog; path = "Preview Assets.xcassets"; sourceTree = "<group>"; };
		FE41FFD824C5ECE700DDFD2C /* Info.plist */ = {isa = PBXFileReference; lastKnownFileType = text.plist.xml; path = Info.plist; sourceTree = "<group>"; };
		FEE881C324C9479400E1D6EE /* GoogleService-Info.plist */ = {isa = PBXFileReference; fileEncoding = 4; lastKnownFileType = text.plist.xml; path = "GoogleService-Info.plist"; sourceTree = "<group>"; };
		FEE881C624C949F600E1D6EE /* BannerView.swift */ = {isa = PBXFileReference; lastKnownFileType = sourcecode.swift; path = BannerView.swift; sourceTree = "<group>"; };
		FEE881C924C94C4300E1D6EE /* ButtonType.swift */ = {isa = PBXFileReference; lastKnownFileType = sourcecode.swift; path = ButtonType.swift; sourceTree = "<group>"; };
		FEE881CB24C94CD100E1D6EE /* FloatingButton.swift */ = {isa = PBXFileReference; lastKnownFileType = sourcecode.swift; path = FloatingButton.swift; sourceTree = "<group>"; };
		FEE881CD24C94D4800E1D6EE /* FloatingNavButton.swift */ = {isa = PBXFileReference; lastKnownFileType = sourcecode.swift; path = FloatingNavButton.swift; sourceTree = "<group>"; };
		FEE881CF24C9DCA500E1D6EE /* NavigationBarBackgroundColor.swift */ = {isa = PBXFileReference; lastKnownFileType = sourcecode.swift; path = NavigationBarBackgroundColor.swift; sourceTree = "<group>"; };
		FEE881D224C9DDA600E1D6EE /* NavigationBarTextModifier.swift */ = {isa = PBXFileReference; lastKnownFileType = sourcecode.swift; path = NavigationBarTextModifier.swift; sourceTree = "<group>"; };
		FEE881D424CA26DE00E1D6EE /* Placemarker.swift */ = {isa = PBXFileReference; lastKnownFileType = sourcecode.swift; path = Placemarker.swift; sourceTree = "<group>"; };
		FEE881D724CBD66400E1D6EE /* AppEnvironment.swift */ = {isa = PBXFileReference; lastKnownFileType = sourcecode.swift; path = AppEnvironment.swift; sourceTree = "<group>"; };
/* End PBXFileReference section */

/* Begin PBXFrameworksBuildPhase section */
		FE41FFC924C5ECE600DDFD2C /* Frameworks */ = {
			isa = PBXFrameworksBuildPhase;
			buildActionMask = 2147483647;
			files = (
				772F8740F995D7ED0D6CD76C /* Pods_Lend_A_Book.framework in Frameworks */,
			);
			runOnlyForDeploymentPostprocessing = 0;
		};
/* End PBXFrameworksBuildPhase section */

/* Begin PBXGroup section */
		0C92DA41E90F58E79397F881 /* Pods */ = {
			isa = PBXGroup;
			children = (
				A9451D5D5EFBB37A8086BC7C /* Pods-Lend-A-Book.debug.xcconfig */,
				EB586E805CC64210A8025803 /* Pods-Lend-A-Book.release.xcconfig */,
			);
			path = Pods;
			sourceTree = "<group>";
		};
		A37A004D3EEEA6074D89CAF0 /* Frameworks */ = {
			isa = PBXGroup;
			children = (
				B6DD4D610F505F0C9E4D9043 /* Pods_Lend_A_Book.framework */,
			);
			name = Frameworks;
			sourceTree = "<group>";
		};
		FE41FFC324C5ECE600DDFD2C = {
			isa = PBXGroup;
			children = (
				FE41FFCE24C5ECE600DDFD2C /* Lend-A-Book */,
				FE41FFCD24C5ECE600DDFD2C /* Products */,
				0C92DA41E90F58E79397F881 /* Pods */,
				A37A004D3EEEA6074D89CAF0 /* Frameworks */,
			);
			sourceTree = "<group>";
		};
		FE41FFCD24C5ECE600DDFD2C /* Products */ = {
			isa = PBXGroup;
			children = (
				FE41FFCC24C5ECE600DDFD2C /* Lend-A-Book.app */,
			);
			name = Products;
			sourceTree = "<group>";
		};
		FE41FFCE24C5ECE600DDFD2C /* Lend-A-Book */ = {
			isa = PBXGroup;
			children = (
				FEE881C224C93F9500E1D6EE /* Extensions */,
				FEE881C124C93F8900E1D6EE /* Model */,
				FEE881C024C93F7D00E1D6EE /* Views */,
				FE41FFDE24C920C800DDFD2C /* Controllers */,
				FE41FFCF24C5ECE600DDFD2C /* Lend_A_BookApp.swift */,
				FE41FFD324C5ECE700DDFD2C /* Assets.xcassets */,
				FE41FFD824C5ECE700DDFD2C /* Info.plist */,
				FEE881C324C9479400E1D6EE /* GoogleService-Info.plist */,
				FE41FFD524C5ECE700DDFD2C /* Preview Content */,
			);
			path = "Lend-A-Book";
			sourceTree = "<group>";
		};
		FE41FFD524C5ECE700DDFD2C /* Preview Content */ = {
			isa = PBXGroup;
			children = (
				FE41FFD624C5ECE700DDFD2C /* Preview Assets.xcassets */,
			);
			path = "Preview Content";
			sourceTree = "<group>";
		};
		FE41FFDE24C920C800DDFD2C /* Controllers */ = {
			isa = PBXGroup;
			children = (
				FE41FFD124C5ECE600DDFD2C /* ContentView.swift */,
			);
			path = Controllers;
			sourceTree = "<group>";
		};
		FEE881C024C93F7D00E1D6EE /* Views */ = {
			isa = PBXGroup;
			children = (
				FEE881D124C9DCC200E1D6EE /* Modifiers */,
				FEE881C824C94C3300E1D6EE /* Buttons */,
				FEE881C524C949E000E1D6EE /* GADViews */,
			);
			path = Views;
			sourceTree = "<group>";
		};
		FEE881C124C93F8900E1D6EE /* Model */ = {
			isa = PBXGroup;
			children = (
				FEE881D624CBD61B00E1D6EE /* Managers */,
				FEE881D424CA26DE00E1D6EE /* Placemarker.swift */,
			);
			path = Model;
			sourceTree = "<group>";
		};
		FEE881C224C93F9500E1D6EE /* Extensions */ = {
			isa = PBXGroup;
			children = (
			);
			path = Extensions;
			sourceTree = "<group>";
		};
		FEE881C524C949E000E1D6EE /* GADViews */ = {
			isa = PBXGroup;
			children = (
				FEE881C624C949F600E1D6EE /* BannerView.swift */,
			);
			path = GADViews;
			sourceTree = "<group>";
		};
		FEE881C824C94C3300E1D6EE /* Buttons */ = {
			isa = PBXGroup;
			children = (
				FEE881C924C94C4300E1D6EE /* ButtonType.swift */,
				FEE881CB24C94CD100E1D6EE /* FloatingButton.swift */,
				FEE881CD24C94D4800E1D6EE /* FloatingNavButton.swift */,
			);
			path = Buttons;
			sourceTree = "<group>";
		};
		FEE881D124C9DCC200E1D6EE /* Modifiers */ = {
			isa = PBXGroup;
			children = (
				FEE881CF24C9DCA500E1D6EE /* NavigationBarBackgroundColor.swift */,
				FEE881D224C9DDA600E1D6EE /* NavigationBarTextModifier.swift */,
			);
			path = Modifiers;
			sourceTree = "<group>";
		};
		FEE881D624CBD61B00E1D6EE /* Managers */ = {
			isa = PBXGroup;
			children = (
				FEE881D724CBD66400E1D6EE /* AppEnvironment.swift */,
			);
			path = Managers;
			sourceTree = "<group>";
		};
/* End PBXGroup section */

/* Begin PBXNativeTarget section */
		FE41FFCB24C5ECE600DDFD2C /* Lend-A-Book */ = {
			isa = PBXNativeTarget;
			buildConfigurationList = FE41FFDB24C5ECE700DDFD2C /* Build configuration list for PBXNativeTarget "Lend-A-Book" */;
			buildPhases = (
				48658EEC3B34994FB45F516E /* [CP] Check Pods Manifest.lock */,
				FE41FFC824C5ECE600DDFD2C /* Sources */,
				FE41FFC924C5ECE600DDFD2C /* Frameworks */,
				FE41FFCA24C5ECE600DDFD2C /* Resources */,
				CDD1FBC86CE2FAD0AEE7B792 /* [CP] Embed Pods Frameworks */,
			);
			buildRules = (
			);
			dependencies = (
			);
			name = "Lend-A-Book";
			productName = "Lend-A-Book";
			productReference = FE41FFCC24C5ECE600DDFD2C /* Lend-A-Book.app */;
			productType = "com.apple.product-type.application";
		};
/* End PBXNativeTarget section */

/* Begin PBXProject section */
		FE41FFC424C5ECE600DDFD2C /* Project object */ = {
			isa = PBXProject;
			attributes = {
				LastSwiftUpdateCheck = 1200;
				LastUpgradeCheck = 1200;
				TargetAttributes = {
					FE41FFCB24C5ECE600DDFD2C = {
						CreatedOnToolsVersion = 12.0;
					};
				};
			};
			buildConfigurationList = FE41FFC724C5ECE600DDFD2C /* Build configuration list for PBXProject "Lend-A-Book" */;
			compatibilityVersion = "Xcode 9.3";
			developmentRegion = en;
			hasScannedForEncodings = 0;
			knownRegions = (
				en,
				Base,
			);
			mainGroup = FE41FFC324C5ECE600DDFD2C;
			productRefGroup = FE41FFCD24C5ECE600DDFD2C /* Products */;
			projectDirPath = "";
			projectRoot = "";
			targets = (
				FE41FFCB24C5ECE600DDFD2C /* Lend-A-Book */,
			);
		};
/* End PBXProject section */

/* Begin PBXResourcesBuildPhase section */
		FE41FFCA24C5ECE600DDFD2C /* Resources */ = {
			isa = PBXResourcesBuildPhase;
			buildActionMask = 2147483647;
			files = (
				FE41FFD724C5ECE700DDFD2C /* Preview Assets.xcassets in Resources */,
				FE41FFD424C5ECE700DDFD2C /* Assets.xcassets in Resources */,
				FEE881C424C9479400E1D6EE /* GoogleService-Info.plist in Resources */,
			);
			runOnlyForDeploymentPostprocessing = 0;
		};
/* End PBXResourcesBuildPhase section */

/* Begin PBXShellScriptBuildPhase section */
		48658EEC3B34994FB45F516E /* [CP] Check Pods Manifest.lock */ = {
			isa = PBXShellScriptBuildPhase;
			buildActionMask = 2147483647;
			files = (
			);
			inputFileListPaths = (
			);
			inputPaths = (
				"${PODS_PODFILE_DIR_PATH}/Podfile.lock",
				"${PODS_ROOT}/Manifest.lock",
			);
			name = "[CP] Check Pods Manifest.lock";
			outputFileListPaths = (
			);
			outputPaths = (
				"$(DERIVED_FILE_DIR)/Pods-Lend-A-Book-checkManifestLockResult.txt",
			);
			runOnlyForDeploymentPostprocessing = 0;
			shellPath = /bin/sh;
			shellScript = "diff \"${PODS_PODFILE_DIR_PATH}/Podfile.lock\" \"${PODS_ROOT}/Manifest.lock\" > /dev/null\nif [ $? != 0 ] ; then\n    # print error to STDERR\n    echo \"error: The sandbox is not in sync with the Podfile.lock. Run 'pod install' or update your CocoaPods installation.\" >&2\n    exit 1\nfi\n# This output is used by Xcode 'outputs' to avoid re-running this script phase.\necho \"SUCCESS\" > \"${SCRIPT_OUTPUT_FILE_0}\"\n";
			showEnvVarsInLog = 0;
		};
		CDD1FBC86CE2FAD0AEE7B792 /* [CP] Embed Pods Frameworks */ = {
			isa = PBXShellScriptBuildPhase;
			buildActionMask = 2147483647;
			files = (
			);
			inputFileListPaths = (
				"${PODS_ROOT}/Target Support Files/Pods-Lend-A-Book/Pods-Lend-A-Book-frameworks-${CONFIGURATION}-input-files.xcfilelist",
			);
			name = "[CP] Embed Pods Frameworks";
			outputFileListPaths = (
				"${PODS_ROOT}/Target Support Files/Pods-Lend-A-Book/Pods-Lend-A-Book-frameworks-${CONFIGURATION}-output-files.xcfilelist",
			);
			runOnlyForDeploymentPostprocessing = 0;
			shellPath = /bin/sh;
			shellScript = "\"${PODS_ROOT}/Target Support Files/Pods-Lend-A-Book/Pods-Lend-A-Book-frameworks.sh\"\n";
			showEnvVarsInLog = 0;
		};
/* End PBXShellScriptBuildPhase section */

/* Begin PBXSourcesBuildPhase section */
		FE41FFC824C5ECE600DDFD2C /* Sources */ = {
			isa = PBXSourcesBuildPhase;
			buildActionMask = 2147483647;
			files = (
				FE41FFD224C5ECE600DDFD2C /* ContentView.swift in Sources */,
				FEE881D024C9DCA500E1D6EE /* NavigationBarBackgroundColor.swift in Sources */,
				FEE881CA24C94C4300E1D6EE /* ButtonType.swift in Sources */,
				FEE881D824CBD66400E1D6EE /* AppEnvironment.swift in Sources */,
				FEE881D324C9DDA600E1D6EE /* NavigationBarTextModifier.swift in Sources */,
				FEE881CC24C94CD100E1D6EE /* FloatingButton.swift in Sources */,
				FEE881CE24C94D4800E1D6EE /* FloatingNavButton.swift in Sources */,
				FE41FFD024C5ECE600DDFD2C /* Lend_A_BookApp.swift in Sources */,
				FEE881C724C949F600E1D6EE /* BannerView.swift in Sources */,
				FEE881D524CA26DE00E1D6EE /* Placemarker.swift in Sources */,
			);
			runOnlyForDeploymentPostprocessing = 0;
		};
/* End PBXSourcesBuildPhase section */

/* Begin XCBuildConfiguration section */
		FE41FFD924C5ECE700DDFD2C /* Debug */ = {
			isa = XCBuildConfiguration;
			buildSettings = {
				ALWAYS_SEARCH_USER_PATHS = NO;
				CLANG_ANALYZER_NONNULL = YES;
				CLANG_ANALYZER_NUMBER_OBJECT_CONVERSION = YES_AGGRESSIVE;
				CLANG_CXX_LANGUAGE_STANDARD = "gnu++14";
				CLANG_CXX_LIBRARY = "libc++";
				CLANG_ENABLE_MODULES = YES;
				CLANG_ENABLE_OBJC_ARC = YES;
				CLANG_ENABLE_OBJC_WEAK = YES;
				CLANG_WARN_BLOCK_CAPTURE_AUTORELEASING = YES;
				CLANG_WARN_BOOL_CONVERSION = YES;
				CLANG_WARN_COMMA = YES;
				CLANG_WARN_CONSTANT_CONVERSION = YES;
				CLANG_WARN_DEPRECATED_OBJC_IMPLEMENTATIONS = YES;
				CLANG_WARN_DIRECT_OBJC_ISA_USAGE = YES_ERROR;
				CLANG_WARN_DOCUMENTATION_COMMENTS = YES;
				CLANG_WARN_EMPTY_BODY = YES;
				CLANG_WARN_ENUM_CONVERSION = YES;
				CLANG_WARN_INFINITE_RECURSION = YES;
				CLANG_WARN_INT_CONVERSION = YES;
				CLANG_WARN_NON_LITERAL_NULL_CONVERSION = YES;
				CLANG_WARN_OBJC_IMPLICIT_RETAIN_SELF = YES;
				CLANG_WARN_OBJC_LITERAL_CONVERSION = YES;
				CLANG_WARN_OBJC_ROOT_CLASS = YES_ERROR;
				CLANG_WARN_QUOTED_INCLUDE_IN_FRAMEWORK_HEADER = YES;
				CLANG_WARN_RANGE_LOOP_ANALYSIS = YES;
				CLANG_WARN_STRICT_PROTOTYPES = YES;
				CLANG_WARN_SUSPICIOUS_MOVE = YES;
				CLANG_WARN_UNGUARDED_AVAILABILITY = YES_AGGRESSIVE;
				CLANG_WARN_UNREACHABLE_CODE = YES;
				CLANG_WARN__DUPLICATE_METHOD_MATCH = YES;
				COPY_PHASE_STRIP = NO;
				DEBUG_INFORMATION_FORMAT = dwarf;
				ENABLE_STRICT_OBJC_MSGSEND = YES;
				ENABLE_TESTABILITY = YES;
				GCC_C_LANGUAGE_STANDARD = gnu11;
				GCC_DYNAMIC_NO_PIC = NO;
				GCC_NO_COMMON_BLOCKS = YES;
				GCC_OPTIMIZATION_LEVEL = 0;
				GCC_PREPROCESSOR_DEFINITIONS = (
					"DEBUG=1",
					"$(inherited)",
				);
				GCC_WARN_64_TO_32_BIT_CONVERSION = YES;
				GCC_WARN_ABOUT_RETURN_TYPE = YES_ERROR;
				GCC_WARN_UNDECLARED_SELECTOR = YES;
				GCC_WARN_UNINITIALIZED_AUTOS = YES_AGGRESSIVE;
				GCC_WARN_UNUSED_FUNCTION = YES;
				GCC_WARN_UNUSED_VARIABLE = YES;
				IPHONEOS_DEPLOYMENT_TARGET = 14.0;
				MTL_ENABLE_DEBUG_INFO = INCLUDE_SOURCE;
				MTL_FAST_MATH = YES;
				ONLY_ACTIVE_ARCH = YES;
				SDKROOT = iphoneos;
				SWIFT_ACTIVE_COMPILATION_CONDITIONS = DEBUG;
				SWIFT_OPTIMIZATION_LEVEL = "-Onone";
			};
			name = Debug;
		};
		FE41FFDA24C5ECE700DDFD2C /* Release */ = {
			isa = XCBuildConfiguration;
			buildSettings = {
				ALWAYS_SEARCH_USER_PATHS = NO;
				CLANG_ANALYZER_NONNULL = YES;
				CLANG_ANALYZER_NUMBER_OBJECT_CONVERSION = YES_AGGRESSIVE;
				CLANG_CXX_LANGUAGE_STANDARD = "gnu++14";
				CLANG_CXX_LIBRARY = "libc++";
				CLANG_ENABLE_MODULES = YES;
				CLANG_ENABLE_OBJC_ARC = YES;
				CLANG_ENABLE_OBJC_WEAK = YES;
				CLANG_WARN_BLOCK_CAPTURE_AUTORELEASING = YES;
				CLANG_WARN_BOOL_CONVERSION = YES;
				CLANG_WARN_COMMA = YES;
				CLANG_WARN_CONSTANT_CONVERSION = YES;
				CLANG_WARN_DEPRECATED_OBJC_IMPLEMENTATIONS = YES;
				CLANG_WARN_DIRECT_OBJC_ISA_USAGE = YES_ERROR;
				CLANG_WARN_DOCUMENTATION_COMMENTS = YES;
				CLANG_WARN_EMPTY_BODY = YES;
				CLANG_WARN_ENUM_CONVERSION = YES;
				CLANG_WARN_INFINITE_RECURSION = YES;
				CLANG_WARN_INT_CONVERSION = YES;
				CLANG_WARN_NON_LITERAL_NULL_CONVERSION = YES;
				CLANG_WARN_OBJC_IMPLICIT_RETAIN_SELF = YES;
				CLANG_WARN_OBJC_LITERAL_CONVERSION = YES;
				CLANG_WARN_OBJC_ROOT_CLASS = YES_ERROR;
				CLANG_WARN_QUOTED_INCLUDE_IN_FRAMEWORK_HEADER = YES;
				CLANG_WARN_RANGE_LOOP_ANALYSIS = YES;
				CLANG_WARN_STRICT_PROTOTYPES = YES;
				CLANG_WARN_SUSPICIOUS_MOVE = YES;
				CLANG_WARN_UNGUARDED_AVAILABILITY = YES_AGGRESSIVE;
				CLANG_WARN_UNREACHABLE_CODE = YES;
				CLANG_WARN__DUPLICATE_METHOD_MATCH = YES;
				COPY_PHASE_STRIP = NO;
				DEBUG_INFORMATION_FORMAT = "dwarf-with-dsym";
				ENABLE_NS_ASSERTIONS = NO;
				ENABLE_STRICT_OBJC_MSGSEND = YES;
				GCC_C_LANGUAGE_STANDARD = gnu11;
				GCC_NO_COMMON_BLOCKS = YES;
				GCC_WARN_64_TO_32_BIT_CONVERSION = YES;
				GCC_WARN_ABOUT_RETURN_TYPE = YES_ERROR;
				GCC_WARN_UNDECLARED_SELECTOR = YES;
				GCC_WARN_UNINITIALIZED_AUTOS = YES_AGGRESSIVE;
				GCC_WARN_UNUSED_FUNCTION = YES;
				GCC_WARN_UNUSED_VARIABLE = YES;
				IPHONEOS_DEPLOYMENT_TARGET = 14.0;
				MTL_ENABLE_DEBUG_INFO = NO;
				MTL_FAST_MATH = YES;
				SDKROOT = iphoneos;
				SWIFT_COMPILATION_MODE = wholemodule;
				SWIFT_OPTIMIZATION_LEVEL = "-O";
				VALIDATE_PRODUCT = YES;
			};
			name = Release;
		};
		FE41FFDC24C5ECE700DDFD2C /* Debug */ = {
			isa = XCBuildConfiguration;
			baseConfigurationReference = A9451D5D5EFBB37A8086BC7C /* Pods-Lend-A-Book.debug.xcconfig */;
			buildSettings = {
				ASSETCATALOG_COMPILER_APPICON_NAME = AppIcon;
				ASSETCATALOG_COMPILER_GLOBAL_ACCENT_COLOR_NAME = AccentColor;
				CODE_SIGN_STYLE = Automatic;
				DEVELOPMENT_ASSET_PATHS = "\"Lend-A-Book/Preview Content\"";
				DEVELOPMENT_TEAM = 75B22CD4TC;
				ENABLE_PREVIEWS = YES;
				INFOPLIST_FILE = "Lend-A-Book/Info.plist";
				IPHONEOS_DEPLOYMENT_TARGET = 14.0;
				LD_RUNPATH_SEARCH_PATHS = (
					"$(inherited)",
					"@executable_path/Frameworks",
				);
				PRODUCT_BUNDLE_IDENTIFIER = com.BRP.LendABook;
				PRODUCT_NAME = "$(TARGET_NAME)";
				SWIFT_VERSION = 5.0;
				TARGETED_DEVICE_FAMILY = "1,2";
			};
			name = Debug;
		};
		FE41FFDD24C5ECE700DDFD2C /* Release */ = {
			isa = XCBuildConfiguration;
			baseConfigurationReference = EB586E805CC64210A8025803 /* Pods-Lend-A-Book.release.xcconfig */;
			buildSettings = {
				ASSETCATALOG_COMPILER_APPICON_NAME = AppIcon;
				ASSETCATALOG_COMPILER_GLOBAL_ACCENT_COLOR_NAME = AccentColor;
				CODE_SIGN_STYLE = Automatic;
				DEVELOPMENT_ASSET_PATHS = "\"Lend-A-Book/Preview Content\"";
				DEVELOPMENT_TEAM = 75B22CD4TC;
				ENABLE_PREVIEWS = YES;
				INFOPLIST_FILE = "Lend-A-Book/Info.plist";
				IPHONEOS_DEPLOYMENT_TARGET = 14.0;
				LD_RUNPATH_SEARCH_PATHS = (
					"$(inherited)",
					"@executable_path/Frameworks",
				);
				PRODUCT_BUNDLE_IDENTIFIER = com.BRP.LendABook;
				PRODUCT_NAME = "$(TARGET_NAME)";
				SWIFT_VERSION = 5.0;
				TARGETED_DEVICE_FAMILY = "1,2";
			};
			name = Release;
		};
/* End XCBuildConfiguration section */

/* Begin XCConfigurationList section */
		FE41FFC724C5ECE600DDFD2C /* Build configuration list for PBXProject "Lend-A-Book" */ = {
			isa = XCConfigurationList;
			buildConfigurations = (
				FE41FFD924C5ECE700DDFD2C /* Debug */,
				FE41FFDA24C5ECE700DDFD2C /* Release */,
			);
			defaultConfigurationIsVisible = 0;
			defaultConfigurationName = Release;
		};
		FE41FFDB24C5ECE700DDFD2C /* Build configuration list for PBXNativeTarget "Lend-A-Book" */ = {
			isa = XCConfigurationList;
			buildConfigurations = (
				FE41FFDC24C5ECE700DDFD2C /* Debug */,
				FE41FFDD24C5ECE700DDFD2C /* Release */,
			);
			defaultConfigurationIsVisible = 0;
			defaultConfigurationName = Release;
		};
/* End XCConfigurationList section */
	};
	rootObject = FE41FFC424C5ECE600DDFD2C /* Project object */;
}
