// !$*UTF8*$!
{
	archiveVersion = 1;
	classes = {
	};
	objectVersion = 50;
	objects = {

/* Begin PBXBuildFile section */
		FEAA451523332DA600511480 /* AppDelegate.swift in Sources */ = {isa = PBXBuildFile; fileRef = FEAA451423332DA600511480 /* AppDelegate.swift */; };
		FEAA451723332DA600511480 /* SceneDelegate.swift in Sources */ = {isa = PBXBuildFile; fileRef = FEAA451623332DA600511480 /* SceneDelegate.swift */; };
		FEAA451923332DA600511480 /* ContentView.swift in Sources */ = {isa = PBXBuildFile; fileRef = FEAA451823332DA600511480 /* ContentView.swift */; };
		FEAA451B23332DA700511480 /* Assets.xcassets in Resources */ = {isa = PBXBuildFile; fileRef = FEAA451A23332DA700511480 /* Assets.xcassets */; };
		FEAA451E23332DA700511480 /* Preview Assets.xcassets in Resources */ = {isa = PBXBuildFile; fileRef = FEAA451D23332DA700511480 /* Preview Assets.xcassets */; };
		FEAA452123332DA700511480 /* LaunchScreen.storyboard in Resources */ = {isa = PBXBuildFile; fileRef = FEAA451F23332DA700511480 /* LaunchScreen.storyboard */; };
		FEAA452C23332DA700511480 /* Lend_A_BookTests.swift in Sources */ = {isa = PBXBuildFile; fileRef = FEAA452B23332DA700511480 /* Lend_A_BookTests.swift */; };
/* End PBXBuildFile section */

/* Begin PBXContainerItemProxy section */
		FEAA452823332DA700511480 /* PBXContainerItemProxy */ = {
			isa = PBXContainerItemProxy;
			containerPortal = FEAA450923332DA500511480 /* Project object */;
			proxyType = 1;
			remoteGlobalIDString = FEAA451023332DA600511480;
			remoteInfo = "Lend-A-Book";
		};
/* End PBXContainerItemProxy section */

/* Begin PBXFileReference section */
		FEAA451123332DA600511480 /* Lend-A-Book.app */ = {isa = PBXFileReference; explicitFileType = wrapper.application; includeInIndex = 0; path = "Lend-A-Book.app"; sourceTree = BUILT_PRODUCTS_DIR; };
		FEAA451423332DA600511480 /* AppDelegate.swift */ = {isa = PBXFileReference; lastKnownFileType = sourcecode.swift; path = AppDelegate.swift; sourceTree = "<group>"; };
		FEAA451623332DA600511480 /* SceneDelegate.swift */ = {isa = PBXFileReference; lastKnownFileType = sourcecode.swift; path = SceneDelegate.swift; sourceTree = "<group>"; };
		FEAA451823332DA600511480 /* ContentView.swift */ = {isa = PBXFileReference; lastKnownFileType = sourcecode.swift; path = ContentView.swift; sourceTree = "<group>"; };
		FEAA451A23332DA700511480 /* Assets.xcassets */ = {isa = PBXFileReference; lastKnownFileType = folder.assetcatalog; path = Assets.xcassets; sourceTree = "<group>"; };
		FEAA451D23332DA700511480 /* Preview Assets.xcassets */ = {isa = PBXFileReference; lastKnownFileType = folder.assetcatalog; path = "Preview Assets.xcassets"; sourceTree = "<group>"; };
		FEAA452023332DA700511480 /* Base */ = {isa = PBXFileReference; lastKnownFileType = file.storyboard; name = Base; path = Base.lproj/LaunchScreen.storyboard; sourceTree = "<group>"; };
		FEAA452223332DA700511480 /* Info.plist */ = {isa = PBXFileReference; lastKnownFileType = text.plist.xml; path = Info.plist; sourceTree = "<group>"; };
		FEAA452723332DA700511480 /* Lend-A-BookTests.xctest */ = {isa = PBXFileReference; explicitFileType = wrapper.cfbundle; includeInIndex = 0; path = "Lend-A-BookTests.xctest"; sourceTree = BUILT_PRODUCTS_DIR; };
		FEAA452B23332DA700511480 /* Lend_A_BookTests.swift */ = {isa = PBXFileReference; lastKnownFileType = sourcecode.swift; path = Lend_A_BookTests.swift; sourceTree = "<group>"; };
		FEAA452D23332DA700511480 /* Info.plist */ = {isa = PBXFileReference; lastKnownFileType = text.plist.xml; path = Info.plist; sourceTree = "<group>"; };
/* End PBXFileReference section */

/* Begin PBXFrameworksBuildPhase section */
		FEAA450E23332DA600511480 /* Frameworks */ = {
			isa = PBXFrameworksBuildPhase;
			buildActionMask = 2147483647;
			files = (
			);
			runOnlyForDeploymentPostprocessing = 0;
		};
		FEAA452423332DA700511480 /* Frameworks */ = {
			isa = PBXFrameworksBuildPhase;
			buildActionMask = 2147483647;
			files = (
			);
			runOnlyForDeploymentPostprocessing = 0;
		};
/* End PBXFrameworksBuildPhase section */

/* Begin PBXGroup section */
		FEAA450823332DA500511480 = {
			isa = PBXGroup;
			children = (
				FEAA451323332DA600511480 /* Lend-A-Book */,
				FEAA452A23332DA700511480 /* Lend-A-BookTests */,
				FEAA451223332DA600511480 /* Products */,
			);
			sourceTree = "<group>";
		};
		FEAA451223332DA600511480 /* Products */ = {
			isa = PBXGroup;
			children = (
				FEAA451123332DA600511480 /* Lend-A-Book.app */,
				FEAA452723332DA700511480 /* Lend-A-BookTests.xctest */,
			);
			name = Products;
			sourceTree = "<group>";
		};
		FEAA451323332DA600511480 /* Lend-A-Book */ = {
			isa = PBXGroup;
			children = (
				FEAA451423332DA600511480 /* AppDelegate.swift */,
				FEAA451623332DA600511480 /* SceneDelegate.swift */,
				FEAA451823332DA600511480 /* ContentView.swift */,
				FEAA451A23332DA700511480 /* Assets.xcassets */,
				FEAA451F23332DA700511480 /* LaunchScreen.storyboard */,
				FEAA452223332DA700511480 /* Info.plist */,
				FEAA451C23332DA700511480 /* Preview Content */,
			);
			path = "Lend-A-Book";
			sourceTree = "<group>";
		};
		FEAA451C23332DA700511480 /* Preview Content */ = {
			isa = PBXGroup;
			children = (
				FEAA451D23332DA700511480 /* Preview Assets.xcassets */,
			);
			path = "Preview Content";
			sourceTree = "<group>";
		};
		FEAA452A23332DA700511480 /* Lend-A-BookTests */ = {
			isa = PBXGroup;
			children = (
				FEAA452B23332DA700511480 /* Lend_A_BookTests.swift */,
				FEAA452D23332DA700511480 /* Info.plist */,
			);
			path = "Lend-A-BookTests";
			sourceTree = "<group>";
		};
/* End PBXGroup section */

/* Begin PBXNativeTarget section */
		FEAA451023332DA600511480 /* Lend-A-Book */ = {
			isa = PBXNativeTarget;
			buildConfigurationList = FEAA453023332DA700511480 /* Build configuration list for PBXNativeTarget "Lend-A-Book" */;
			buildPhases = (
				FEAA450D23332DA600511480 /* Sources */,
				FEAA450E23332DA600511480 /* Frameworks */,
				FEAA450F23332DA600511480 /* Resources */,
			);
			buildRules = (
			);
			dependencies = (
			);
			name = "Lend-A-Book";
			productName = "Lend-A-Book";
			productReference = FEAA451123332DA600511480 /* Lend-A-Book.app */;
			productType = "com.apple.product-type.application";
		};
		FEAA452623332DA700511480 /* Lend-A-BookTests */ = {
			isa = PBXNativeTarget;
			buildConfigurationList = FEAA453323332DA700511480 /* Build configuration list for PBXNativeTarget "Lend-A-BookTests" */;
			buildPhases = (
				FEAA452323332DA700511480 /* Sources */,
				FEAA452423332DA700511480 /* Frameworks */,
				FEAA452523332DA700511480 /* Resources */,
			);
			buildRules = (
			);
			dependencies = (
				FEAA452923332DA700511480 /* PBXTargetDependency */,
			);
			name = "Lend-A-BookTests";
			productName = "Lend-A-BookTests";
			productReference = FEAA452723332DA700511480 /* Lend-A-BookTests.xctest */;
			productType = "com.apple.product-type.bundle.unit-test";
		};
/* End PBXNativeTarget section */

/* Begin PBXProject section */
		FEAA450923332DA500511480 /* Project object */ = {
			isa = PBXProject;
			attributes = {
				LastSwiftUpdateCheck = 1100;
				LastUpgradeCheck = 1100;
				ORGANIZATIONNAME = "Black Rose Productions";
				TargetAttributes = {
					FEAA451023332DA600511480 = {
						CreatedOnToolsVersion = 11.0;
					};
					FEAA452623332DA700511480 = {
						CreatedOnToolsVersion = 11.0;
						TestTargetID = FEAA451023332DA600511480;
					};
				};
			};
			buildConfigurationList = FEAA450C23332DA500511480 /* Build configuration list for PBXProject "Lend-A-Book" */;
			compatibilityVersion = "Xcode 9.3";
			developmentRegion = en;
			hasScannedForEncodings = 0;
			knownRegions = (
				en,
				Base,
			);
			mainGroup = FEAA450823332DA500511480;
			productRefGroup = FEAA451223332DA600511480 /* Products */;
			projectDirPath = "";
			projectRoot = "";
			targets = (
				FEAA451023332DA600511480 /* Lend-A-Book */,
				FEAA452623332DA700511480 /* Lend-A-BookTests */,
			);
		};
/* End PBXProject section */

/* Begin PBXResourcesBuildPhase section */
		FEAA450F23332DA600511480 /* Resources */ = {
			isa = PBXResourcesBuildPhase;
			buildActionMask = 2147483647;
			files = (
				FEAA452123332DA700511480 /* LaunchScreen.storyboard in Resources */,
				FEAA451E23332DA700511480 /* Preview Assets.xcassets in Resources */,
				FEAA451B23332DA700511480 /* Assets.xcassets in Resources */,
			);
			runOnlyForDeploymentPostprocessing = 0;
		};
		FEAA452523332DA700511480 /* Resources */ = {
			isa = PBXResourcesBuildPhase;
			buildActionMask = 2147483647;
			files = (
			);
			runOnlyForDeploymentPostprocessing = 0;
		};
/* End PBXResourcesBuildPhase section */

/* Begin PBXSourcesBuildPhase section */
		FEAA450D23332DA600511480 /* Sources */ = {
			isa = PBXSourcesBuildPhase;
			buildActionMask = 2147483647;
			files = (
				FEAA451523332DA600511480 /* AppDelegate.swift in Sources */,
				FEAA451723332DA600511480 /* SceneDelegate.swift in Sources */,
				FEAA451923332DA600511480 /* ContentView.swift in Sources */,
			);
			runOnlyForDeploymentPostprocessing = 0;
		};
		FEAA452323332DA700511480 /* Sources */ = {
			isa = PBXSourcesBuildPhase;
			buildActionMask = 2147483647;
			files = (
				FEAA452C23332DA700511480 /* Lend_A_BookTests.swift in Sources */,
			);
			runOnlyForDeploymentPostprocessing = 0;
		};
/* End PBXSourcesBuildPhase section */

/* Begin PBXTargetDependency section */
		FEAA452923332DA700511480 /* PBXTargetDependency */ = {
			isa = PBXTargetDependency;
			target = FEAA451023332DA600511480 /* Lend-A-Book */;
			targetProxy = FEAA452823332DA700511480 /* PBXContainerItemProxy */;
		};
/* End PBXTargetDependency section */

/* Begin PBXVariantGroup section */
		FEAA451F23332DA700511480 /* LaunchScreen.storyboard */ = {
			isa = PBXVariantGroup;
			children = (
				FEAA452023332DA700511480 /* Base */,
			);
			name = LaunchScreen.storyboard;
			sourceTree = "<group>";
		};
/* End PBXVariantGroup section */

/* Begin XCBuildConfiguration section */
		FEAA452E23332DA700511480 /* Debug */ = {
			isa = XCBuildConfiguration;
			buildSettings = {
				ALWAYS_SEARCH_USER_PATHS = NO;
				CLANG_ANALYZER_NONNULL = YES;
				CLANG_ANALYZER_NUMBER_OBJECT_CONVERSION = YES_AGGRESSIVE;
				CLANG_CXX_LANGUAGE_STANDARD = "gnu++14";
				CLANG_CXX_LIBRARY = "libc++";
				CLANG_ENABLE_MODULES = YES;
				CLANG_ENABLE_OBJC_ARC = YES;
				CLANG_ENABLE_OBJC_WEAK = YES;
				CLANG_WARN_BLOCK_CAPTURE_AUTORELEASING = YES;
				CLANG_WARN_BOOL_CONVERSION = YES;
				CLANG_WARN_COMMA = YES;
				CLANG_WARN_CONSTANT_CONVERSION = YES;
				CLANG_WARN_DEPRECATED_OBJC_IMPLEMENTATIONS = YES;
				CLANG_WARN_DIRECT_OBJC_ISA_USAGE = YES_ERROR;
				CLANG_WARN_DOCUMENTATION_COMMENTS = YES;
				CLANG_WARN_EMPTY_BODY = YES;
				CLANG_WARN_ENUM_CONVERSION = YES;
				CLANG_WARN_INFINITE_RECURSION = YES;
				CLANG_WARN_INT_CONVERSION = YES;
				CLANG_WARN_NON_LITERAL_NULL_CONVERSION = YES;
				CLANG_WARN_OBJC_IMPLICIT_RETAIN_SELF = YES;
				CLANG_WARN_OBJC_LITERAL_CONVERSION = YES;
				CLANG_WARN_OBJC_ROOT_CLASS = YES_ERROR;
				CLANG_WARN_RANGE_LOOP_ANALYSIS = YES;
				CLANG_WARN_STRICT_PROTOTYPES = YES;
				CLANG_WARN_SUSPICIOUS_MOVE = YES;
				CLANG_WARN_UNGUARDED_AVAILABILITY = YES_AGGRESSIVE;
				CLANG_WARN_UNREACHABLE_CODE = YES;
				CLANG_WARN__DUPLICATE_METHOD_MATCH = YES;
				COPY_PHASE_STRIP = NO;
				DEBUG_INFORMATION_FORMAT = dwarf;
				ENABLE_STRICT_OBJC_MSGSEND = YES;
				ENABLE_TESTABILITY = YES;
				GCC_C_LANGUAGE_STANDARD = gnu11;
				GCC_DYNAMIC_NO_PIC = NO;
				GCC_NO_COMMON_BLOCKS = YES;
				GCC_OPTIMIZATION_LEVEL = 0;
				GCC_PREPROCESSOR_DEFINITIONS = (
					"DEBUG=1",
					"$(inherited)",
				);
				GCC_WARN_64_TO_32_BIT_CONVERSION = YES;
				GCC_WARN_ABOUT_RETURN_TYPE = YES_ERROR;
				GCC_WARN_UNDECLARED_SELECTOR = YES;
				GCC_WARN_UNINITIALIZED_AUTOS = YES_AGGRESSIVE;
				GCC_WARN_UNUSED_FUNCTION = YES;
				GCC_WARN_UNUSED_VARIABLE = YES;
				IPHONEOS_DEPLOYMENT_TARGET = 13.0;
				MTL_ENABLE_DEBUG_INFO = INCLUDE_SOURCE;
				MTL_FAST_MATH = YES;
				ONLY_ACTIVE_ARCH = YES;
				SDKROOT = iphoneos;
				SWIFT_ACTIVE_COMPILATION_CONDITIONS = DEBUG;
				SWIFT_OPTIMIZATION_LEVEL = "-Onone";
			};
			name = Debug;
		};
		FEAA452F23332DA700511480 /* Release */ = {
			isa = XCBuildConfiguration;
			buildSettings = {
				ALWAYS_SEARCH_USER_PATHS = NO;
				CLANG_ANALYZER_NONNULL = YES;
				CLANG_ANALYZER_NUMBER_OBJECT_CONVERSION = YES_AGGRESSIVE;
				CLANG_CXX_LANGUAGE_STANDARD = "gnu++14";
				CLANG_CXX_LIBRARY = "libc++";
				CLANG_ENABLE_MODULES = YES;
				CLANG_ENABLE_OBJC_ARC = YES;
				CLANG_ENABLE_OBJC_WEAK = YES;
				CLANG_WARN_BLOCK_CAPTURE_AUTORELEASING = YES;
				CLANG_WARN_BOOL_CONVERSION = YES;
				CLANG_WARN_COMMA = YES;
				CLANG_WARN_CONSTANT_CONVERSION = YES;
				CLANG_WARN_DEPRECATED_OBJC_IMPLEMENTATIONS = YES;
				CLANG_WARN_DIRECT_OBJC_ISA_USAGE = YES_ERROR;
				CLANG_WARN_DOCUMENTATION_COMMENTS = YES;
				CLANG_WARN_EMPTY_BODY = YES;
				CLANG_WARN_ENUM_CONVERSION = YES;
				CLANG_WARN_INFINITE_RECURSION = YES;
				CLANG_WARN_INT_CONVERSION = YES;
				CLANG_WARN_NON_LITERAL_NULL_CONVERSION = YES;
				CLANG_WARN_OBJC_IMPLICIT_RETAIN_SELF = YES;
				CLANG_WARN_OBJC_LITERAL_CONVERSION = YES;
				CLANG_WARN_OBJC_ROOT_CLASS = YES_ERROR;
				CLANG_WARN_RANGE_LOOP_ANALYSIS = YES;
				CLANG_WARN_STRICT_PROTOTYPES = YES;
				CLANG_WARN_SUSPICIOUS_MOVE = YES;
				CLANG_WARN_UNGUARDED_AVAILABILITY = YES_AGGRESSIVE;
				CLANG_WARN_UNREACHABLE_CODE = YES;
				CLANG_WARN__DUPLICATE_METHOD_MATCH = YES;
				COPY_PHASE_STRIP = NO;
				DEBUG_INFORMATION_FORMAT = "dwarf-with-dsym";
				ENABLE_NS_ASSERTIONS = NO;
				ENABLE_STRICT_OBJC_MSGSEND = YES;
				GCC_C_LANGUAGE_STANDARD = gnu11;
				GCC_NO_COMMON_BLOCKS = YES;
				GCC_WARN_64_TO_32_BIT_CONVERSION = YES;
				GCC_WARN_ABOUT_RETURN_TYPE = YES_ERROR;
				GCC_WARN_UNDECLARED_SELECTOR = YES;
				GCC_WARN_UNINITIALIZED_AUTOS = YES_AGGRESSIVE;
				GCC_WARN_UNUSED_FUNCTION = YES;
				GCC_WARN_UNUSED_VARIABLE = YES;
				IPHONEOS_DEPLOYMENT_TARGET = 13.0;
				MTL_ENABLE_DEBUG_INFO = NO;
				MTL_FAST_MATH = YES;
				SDKROOT = iphoneos;
				SWIFT_COMPILATION_MODE = wholemodule;
				SWIFT_OPTIMIZATION_LEVEL = "-O";
				VALIDATE_PRODUCT = YES;
			};
			name = Release;
		};
		FEAA453123332DA700511480 /* Debug */ = {
			isa = XCBuildConfiguration;
			buildSettings = {
				ASSETCATALOG_COMPILER_APPICON_NAME = AppIcon;
				CODE_SIGN_STYLE = Automatic;
				DEVELOPMENT_ASSET_PATHS = "\"Lend-A-Book/Preview Content\"";
				DEVELOPMENT_TEAM = MF7UZR73AE;
				ENABLE_PREVIEWS = YES;
				INFOPLIST_FILE = "Lend-A-Book/Info.plist";
				LD_RUNPATH_SEARCH_PATHS = (
					"$(inherited)",
					"@executable_path/Frameworks",
				);
				PRODUCT_BUNDLE_IDENTIFIER = "com.BRP.Lend-A-Book";
				PRODUCT_NAME = "$(TARGET_NAME)";
				SWIFT_VERSION = 5.0;
				TARGETED_DEVICE_FAMILY = "1,2";
			};
			name = Debug;
		};
		FEAA453223332DA700511480 /* Release */ = {
			isa = XCBuildConfiguration;
			buildSettings = {
				ASSETCATALOG_COMPILER_APPICON_NAME = AppIcon;
				CODE_SIGN_STYLE = Automatic;
				DEVELOPMENT_ASSET_PATHS = "\"Lend-A-Book/Preview Content\"";
				DEVELOPMENT_TEAM = MF7UZR73AE;
				ENABLE_PREVIEWS = YES;
				INFOPLIST_FILE = "Lend-A-Book/Info.plist";
				LD_RUNPATH_SEARCH_PATHS = (
					"$(inherited)",
					"@executable_path/Frameworks",
				);
				PRODUCT_BUNDLE_IDENTIFIER = "com.BRP.Lend-A-Book";
				PRODUCT_NAME = "$(TARGET_NAME)";
				SWIFT_VERSION = 5.0;
				TARGETED_DEVICE_FAMILY = "1,2";
			};
			name = Release;
		};
		FEAA453423332DA700511480 /* Debug */ = {
			isa = XCBuildConfiguration;
			buildSettings = {
				ALWAYS_EMBED_SWIFT_STANDARD_LIBRARIES = YES;
				BUNDLE_LOADER = "$(TEST_HOST)";
				CODE_SIGN_STYLE = Automatic;
				DEVELOPMENT_TEAM = MF7UZR73AE;
				INFOPLIST_FILE = "Lend-A-BookTests/Info.plist";
				IPHONEOS_DEPLOYMENT_TARGET = 13.0;
				LD_RUNPATH_SEARCH_PATHS = (
					"$(inherited)",
					"@executable_path/Frameworks",
					"@loader_path/Frameworks",
				);
				PRODUCT_BUNDLE_IDENTIFIER = "com.BRP.Lend-A-BookTests";
				PRODUCT_NAME = "$(TARGET_NAME)";
				SWIFT_VERSION = 5.0;
				TARGETED_DEVICE_FAMILY = "1,2";
				TEST_HOST = "$(BUILT_PRODUCTS_DIR)/Lend-A-Book.app/Lend-A-Book";
			};
			name = Debug;
		};
		FEAA453523332DA700511480 /* Release */ = {
			isa = XCBuildConfiguration;
			buildSettings = {
				ALWAYS_EMBED_SWIFT_STANDARD_LIBRARIES = YES;
				BUNDLE_LOADER = "$(TEST_HOST)";
				CODE_SIGN_STYLE = Automatic;
				DEVELOPMENT_TEAM = MF7UZR73AE;
				INFOPLIST_FILE = "Lend-A-BookTests/Info.plist";
				IPHONEOS_DEPLOYMENT_TARGET = 13.0;
				LD_RUNPATH_SEARCH_PATHS = (
					"$(inherited)",
					"@executable_path/Frameworks",
					"@loader_path/Frameworks",
				);
				PRODUCT_BUNDLE_IDENTIFIER = "com.BRP.Lend-A-BookTests";
				PRODUCT_NAME = "$(TARGET_NAME)";
				SWIFT_VERSION = 5.0;
				TARGETED_DEVICE_FAMILY = "1,2";
				TEST_HOST = "$(BUILT_PRODUCTS_DIR)/Lend-A-Book.app/Lend-A-Book";
			};
			name = Release;
		};
/* End XCBuildConfiguration section */

/* Begin XCConfigurationList section */
		FEAA450C23332DA500511480 /* Build configuration list for PBXProject "Lend-A-Book" */ = {
			isa = XCConfigurationList;
			buildConfigurations = (
				FEAA452E23332DA700511480 /* Debug */,
				FEAA452F23332DA700511480 /* Release */,
			);
			defaultConfigurationIsVisible = 0;
			defaultConfigurationName = Release;
		};
		FEAA453023332DA700511480 /* Build configuration list for PBXNativeTarget "Lend-A-Book" */ = {
			isa = XCConfigurationList;
			buildConfigurations = (
				FEAA453123332DA700511480 /* Debug */,
				FEAA453223332DA700511480 /* Release */,
			);
			defaultConfigurationIsVisible = 0;
			defaultConfigurationName = Release;
		};
		FEAA453323332DA700511480 /* Build configuration list for PBXNativeTarget "Lend-A-BookTests" */ = {
			isa = XCConfigurationList;
			buildConfigurations = (
				FEAA453423332DA700511480 /* Debug */,
				FEAA453523332DA700511480 /* Release */,
			);
			defaultConfigurationIsVisible = 0;
			defaultConfigurationName = Release;
		};
/* End XCConfigurationList section */
	};
	rootObject = FEAA450923332DA500511480 /* Project object */;
}
